
Microsoft Visual Studio Solution File, Format Version 12.00
# Visual Studio Version 17
VisualStudioVersion = 17.0.32002.185
MinimumVisualStudioVersion = 10.0.40219.1
Project("{FAE04EC0-301F-11D3-BF4B-00C04F79EFBC}") = "ElRegistratura", "ElRegistratura\ElRegistratura.csproj", "{9E9610AD-062E-4D0F-AE0E-FC87F07CC52C}"
EndProject
Global
	GlobalSection(SolutionConfigurationPlatforms) = preSolution
		Debug|Any CPU = Debug|Any CPU
		Release|Any CPU = Release|Any CPU
	EndGlobalSection
	GlobalSection(ProjectConfigurationPlatforms) = postSolution
		{9E9610AD-062E-4D0F-AE0E-FC87F07CC52C}.Debug|Any CPU.ActiveCfg = Debug|Any CPU
		{9E9610AD-062E-4D0F-AE0E-FC87F07CC52C}.Debug|Any CPU.Build.0 = Debug|Any CPU
		{9E9610AD-062E-4D0F-AE0E-FC87F07CC52C}.Release|Any CPU.ActiveCfg = Release|Any CPU
		{9E9610AD-062E-4D0F-AE0E-FC87F07CC52C}.Release|Any CPU.Build.0 = Release|Any CPU
	EndGlobalSection
	GlobalSection(SolutionProperties) = preSolution
		HideSolutionNode = FALSE
	EndGlobalSection
	GlobalSection(ExtensibilityGlobals) = postSolution
		SolutionGuid = {4ADABCDA-2D0E-4EF4-B0C5-1CF4AFFFEC66}
	EndGlobalSection
EndGlobal
